// !$*UTF8*$!
{
	archiveVersion = 1;
	classes = {
	};
	objectVersion = 46;
	objects = {

/* Begin PBXBuildFile section */
		292E2E891DA1ADE7005ECFFC /* SearchTableViewController.swift in Sources */ = {isa = PBXBuildFile; fileRef = 292E2E881DA1ADE7005ECFFC /* SearchTableViewController.swift */; };
		292E2E8E1DA1B031005ECFFC /* Course.swift in Sources */ = {isa = PBXBuildFile; fileRef = 292E2E8D1DA1B031005ECFFC /* Course.swift */; };
		296F03661DA1C1CB00C4893B /* SearchTableViewCell.swift in Sources */ = {isa = PBXBuildFile; fileRef = 296F03651DA1C1CB00C4893B /* SearchTableViewCell.swift */; };
		FB0A6F3C1DA434F000E4F403 /* SubmitReviewViewController.swift in Sources */ = {isa = PBXBuildFile; fileRef = FB0A6F3B1DA434F000E4F403 /* SubmitReviewViewController.swift */; };
		FB0AB7D91DB567120054C262 /* StickySliderViewCell.swift in Sources */ = {isa = PBXBuildFile; fileRef = FB0AB7D71DB567120054C262 /* StickySliderViewCell.swift */; };
		FB0AB7DA1DB567120054C262 /* StickySliderViewCell.xib in Resources */ = {isa = PBXBuildFile; fileRef = FB0AB7D81DB567120054C262 /* StickySliderViewCell.xib */; };
		FB36E05C1D9A0934002EC392 /* AppDelegate.swift in Sources */ = {isa = PBXBuildFile; fileRef = FB36E05B1D9A0934002EC392 /* AppDelegate.swift */; };
		FB36E0641D9A0934002EC392 /* ProfessorRatingsiOS.xcdatamodeld in Sources */ = {isa = PBXBuildFile; fileRef = FB36E0621D9A0934002EC392 /* ProfessorRatingsiOS.xcdatamodeld */; };
		FB36E0661D9A0934002EC392 /* Assets.xcassets in Resources */ = {isa = PBXBuildFile; fileRef = FB36E0651D9A0934002EC392 /* Assets.xcassets */; };
		FB36E0691D9A0934002EC392 /* LaunchScreen.storyboard in Resources */ = {isa = PBXBuildFile; fileRef = FB36E0671D9A0934002EC392 /* LaunchScreen.storyboard */; };
		FB36E0741D9A0934002EC392 /* ProfessorRatingsiOSTests.swift in Sources */ = {isa = PBXBuildFile; fileRef = FB36E0731D9A0934002EC392 /* ProfessorRatingsiOSTests.swift */; };
		FB36E07F1D9A0935002EC392 /* ProfessorRatingsiOSUITests.swift in Sources */ = {isa = PBXBuildFile; fileRef = FB36E07E1D9A0935002EC392 /* ProfessorRatingsiOSUITests.swift */; };
		FB36E08F1D9A0B93002EC392 /* Alamofire.framework in Frameworks */ = {isa = PBXBuildFile; fileRef = FB36E08D1D9A0B93002EC392 /* Alamofire.framework */; };
		FB36E0901D9A0B93002EC392 /* SwiftyJSON.framework in Frameworks */ = {isa = PBXBuildFile; fileRef = FB36E08E1D9A0B93002EC392 /* SwiftyJSON.framework */; };
		FB36E0A71D9A15CC002EC392 /* Main.storyboard in Resources */ = {isa = PBXBuildFile; fileRef = FB36E0A61D9A15CC002EC392 /* Main.storyboard */; };
		FB8427491DA448E9009D4B5B /* Eureka.framework in Frameworks */ = {isa = PBXBuildFile; fileRef = FB8427471DA448E9009D4B5B /* Eureka.framework */; };
		FB84274A1DA448E9009D4B5B /* TagListView.framework in Frameworks */ = {isa = PBXBuildFile; fileRef = FB8427481DA448E9009D4B5B /* TagListView.framework */; };
		FB84274E1DA44D0F009D4B5B /* Professor.swift in Sources */ = {isa = PBXBuildFile; fileRef = FB84274D1DA44D0F009D4B5B /* Professor.swift */; };
		FB9A51F61D9A1C880094BA53 /* SignUpViewController.swift in Sources */ = {isa = PBXBuildFile; fileRef = FB9A51F41D9A1C880094BA53 /* SignUpViewController.swift */; };
		FB9A51F71D9A1C880094BA53 /* ViewController.swift in Sources */ = {isa = PBXBuildFile; fileRef = FB9A51F51D9A1C880094BA53 /* ViewController.swift */; };
		FBC526561D9A1EF500ED39D2 /* Constants.swift in Sources */ = {isa = PBXBuildFile; fileRef = FBC526551D9A1EF500ED39D2 /* Constants.swift */; };
		FBC526581D9A1F0000ED39D2 /* User.swift in Sources */ = {isa = PBXBuildFile; fileRef = FBC526571D9A1F0000ED39D2 /* User.swift */; };
		FBEA6F811D9C0A5F00C653EA /* CryptoSwift.framework in Frameworks */ = {isa = PBXBuildFile; fileRef = FBEA6F801D9C0A5F00C653EA /* CryptoSwift.framework */; };
		FBF8A3781D9EFBA100680370 /* Utils.swift in Sources */ = {isa = PBXBuildFile; fileRef = FBF8A3771D9EFBA100680370 /* Utils.swift */; };
		FBF920B61D9B153C009631D5 /* GSMessages.framework in Frameworks */ = {isa = PBXBuildFile; fileRef = FBF920B51D9B153C009631D5 /* GSMessages.framework */; };
		FBFF53C21DA593B5008E0407 /* submitReview.storyboard in Resources */ = {isa = PBXBuildFile; fileRef = FBFF53C11DA593B5008E0407 /* submitReview.storyboard */; };
/* End PBXBuildFile section */

/* Begin PBXContainerItemProxy section */
		FB36E0701D9A0934002EC392 /* PBXContainerItemProxy */ = {
			isa = PBXContainerItemProxy;
			containerPortal = FB36E0501D9A0934002EC392 /* Project object */;
			proxyType = 1;
			remoteGlobalIDString = FB36E0571D9A0934002EC392;
			remoteInfo = ProfessorRatingsiOS;
		};
		FB36E07B1D9A0934002EC392 /* PBXContainerItemProxy */ = {
			isa = PBXContainerItemProxy;
			containerPortal = FB36E0501D9A0934002EC392 /* Project object */;
			proxyType = 1;
			remoteGlobalIDString = FB36E0571D9A0934002EC392;
			remoteInfo = ProfessorRatingsiOS;
		};
/* End PBXContainerItemProxy section */

/* Begin PBXFileReference section */
		292E2E881DA1ADE7005ECFFC /* SearchTableViewController.swift */ = {isa = PBXFileReference; fileEncoding = 4; lastKnownFileType = sourcecode.swift; name = SearchTableViewController.swift; path = Controllers/SearchTableViewController.swift; sourceTree = "<group>"; };
		292E2E8D1DA1B031005ECFFC /* Course.swift */ = {isa = PBXFileReference; fileEncoding = 4; lastKnownFileType = sourcecode.swift; path = Course.swift; sourceTree = "<group>"; };
		296F03651DA1C1CB00C4893B /* SearchTableViewCell.swift */ = {isa = PBXFileReference; fileEncoding = 4; lastKnownFileType = sourcecode.swift; path = SearchTableViewCell.swift; sourceTree = "<group>"; };
		FB0A6F3B1DA434F000E4F403 /* SubmitReviewViewController.swift */ = {isa = PBXFileReference; fileEncoding = 4; lastKnownFileType = sourcecode.swift; name = SubmitReviewViewController.swift; path = Controllers/SubmitReviewViewController.swift; sourceTree = "<group>"; };
		FB0AB7D71DB567120054C262 /* StickySliderViewCell.swift */ = {isa = PBXFileReference; fileEncoding = 4; lastKnownFileType = sourcecode.swift; name = StickySliderViewCell.swift; path = ProfessorRatingsiOS/Views/StickySliderViewCell.swift; sourceTree = SOURCE_ROOT; };
		FB0AB7D81DB567120054C262 /* StickySliderViewCell.xib */ = {isa = PBXFileReference; fileEncoding = 4; lastKnownFileType = file.xib; name = StickySliderViewCell.xib; path = ProfessorRatingsiOS/Views/StickySliderViewCell.xib; sourceTree = SOURCE_ROOT; };
		FB36E0581D9A0934002EC392 /* ProfessorRatingsiOS.app */ = {isa = PBXFileReference; explicitFileType = wrapper.application; includeInIndex = 0; path = ProfessorRatingsiOS.app; sourceTree = BUILT_PRODUCTS_DIR; };
		FB36E05B1D9A0934002EC392 /* AppDelegate.swift */ = {isa = PBXFileReference; lastKnownFileType = sourcecode.swift; path = AppDelegate.swift; sourceTree = "<group>"; };
		FB36E0631D9A0934002EC392 /* ProfessorRatingsiOS.xcdatamodel */ = {isa = PBXFileReference; lastKnownFileType = wrapper.xcdatamodel; path = ProfessorRatingsiOS.xcdatamodel; sourceTree = "<group>"; };
		FB36E0651D9A0934002EC392 /* Assets.xcassets */ = {isa = PBXFileReference; lastKnownFileType = folder.assetcatalog; path = Assets.xcassets; sourceTree = "<group>"; };
		FB36E0681D9A0934002EC392 /* Base */ = {isa = PBXFileReference; lastKnownFileType = file.storyboard; name = Base; path = Base.lproj/LaunchScreen.storyboard; sourceTree = "<group>"; };
		FB36E06A1D9A0934002EC392 /* Info.plist */ = {isa = PBXFileReference; lastKnownFileType = text.plist.xml; path = Info.plist; sourceTree = "<group>"; };
		FB36E06F1D9A0934002EC392 /* ProfessorRatingsiOSTests.xctest */ = {isa = PBXFileReference; explicitFileType = wrapper.cfbundle; includeInIndex = 0; path = ProfessorRatingsiOSTests.xctest; sourceTree = BUILT_PRODUCTS_DIR; };
		FB36E0731D9A0934002EC392 /* ProfessorRatingsiOSTests.swift */ = {isa = PBXFileReference; lastKnownFileType = sourcecode.swift; path = ProfessorRatingsiOSTests.swift; sourceTree = "<group>"; };
		FB36E0751D9A0934002EC392 /* Info.plist */ = {isa = PBXFileReference; lastKnownFileType = text.plist.xml; path = Info.plist; sourceTree = "<group>"; };
		FB36E07A1D9A0934002EC392 /* ProfessorRatingsiOSUITests.xctest */ = {isa = PBXFileReference; explicitFileType = wrapper.cfbundle; includeInIndex = 0; path = ProfessorRatingsiOSUITests.xctest; sourceTree = BUILT_PRODUCTS_DIR; };
		FB36E07E1D9A0935002EC392 /* ProfessorRatingsiOSUITests.swift */ = {isa = PBXFileReference; lastKnownFileType = sourcecode.swift; path = ProfessorRatingsiOSUITests.swift; sourceTree = "<group>"; };
		FB36E0801D9A0935002EC392 /* Info.plist */ = {isa = PBXFileReference; lastKnownFileType = text.plist.xml; path = Info.plist; sourceTree = "<group>"; };
		FB36E08D1D9A0B93002EC392 /* Alamofire.framework */ = {isa = PBXFileReference; lastKnownFileType = wrapper.framework; name = Alamofire.framework; path = Carthage/Build/iOS/Alamofire.framework; sourceTree = "<group>"; };
		FB36E08E1D9A0B93002EC392 /* SwiftyJSON.framework */ = {isa = PBXFileReference; lastKnownFileType = wrapper.framework; name = SwiftyJSON.framework; path = Carthage/Build/iOS/SwiftyJSON.framework; sourceTree = "<group>"; };
		FB36E0A61D9A15CC002EC392 /* Main.storyboard */ = {isa = PBXFileReference; fileEncoding = 4; lastKnownFileType = file.storyboard; path = Main.storyboard; sourceTree = "<group>"; };
		FB8427471DA448E9009D4B5B /* Eureka.framework */ = {isa = PBXFileReference; lastKnownFileType = wrapper.framework; name = Eureka.framework; path = Carthage/Build/iOS/Eureka.framework; sourceTree = "<group>"; };
		FB8427481DA448E9009D4B5B /* TagListView.framework */ = {isa = PBXFileReference; lastKnownFileType = wrapper.framework; name = TagListView.framework; path = Carthage/Build/iOS/TagListView.framework; sourceTree = "<group>"; };
		FB84274D1DA44D0F009D4B5B /* Professor.swift */ = {isa = PBXFileReference; fileEncoding = 4; lastKnownFileType = sourcecode.swift; name = Professor.swift; path = Models/Professor.swift; sourceTree = "<group>"; };
		FB9A51F41D9A1C880094BA53 /* SignUpViewController.swift */ = {isa = PBXFileReference; fileEncoding = 4; lastKnownFileType = sourcecode.swift; name = SignUpViewController.swift; path = Controllers/SignUpViewController.swift; sourceTree = "<group>"; };
		FB9A51F51D9A1C880094BA53 /* ViewController.swift */ = {isa = PBXFileReference; fileEncoding = 4; lastKnownFileType = sourcecode.swift; name = ViewController.swift; path = Controllers/ViewController.swift; sourceTree = "<group>"; };
		FBC526551D9A1EF500ED39D2 /* Constants.swift */ = {isa = PBXFileReference; fileEncoding = 4; lastKnownFileType = sourcecode.swift; name = Constants.swift; path = Helpers/Constants.swift; sourceTree = "<group>"; };
		FBC526571D9A1F0000ED39D2 /* User.swift */ = {isa = PBXFileReference; fileEncoding = 4; lastKnownFileType = sourcecode.swift; name = User.swift; path = Models/User.swift; sourceTree = "<group>"; };
		FBEA6F801D9C0A5F00C653EA /* CryptoSwift.framework */ = {isa = PBXFileReference; lastKnownFileType = wrapper.framework; name = CryptoSwift.framework; path = Carthage/Build/iOS/CryptoSwift.framework; sourceTree = "<group>"; };
		FBF8A3771D9EFBA100680370 /* Utils.swift */ = {isa = PBXFileReference; fileEncoding = 4; lastKnownFileType = sourcecode.swift; name = Utils.swift; path = Helpers/Utils.swift; sourceTree = "<group>"; };
		FBF920B51D9B153C009631D5 /* GSMessages.framework */ = {isa = PBXFileReference; lastKnownFileType = wrapper.framework; name = GSMessages.framework; path = Carthage/Build/iOS/GSMessages.framework; sourceTree = "<group>"; };
		FBFF53C11DA593B5008E0407 /* submitReview.storyboard */ = {isa = PBXFileReference; fileEncoding = 4; lastKnownFileType = file.storyboard; name = submitReview.storyboard; path = Views/submitReview.storyboard; sourceTree = "<group>"; };
/* End PBXFileReference section */

/* Begin PBXFrameworksBuildPhase section */
		FB36E0551D9A0934002EC392 /* Frameworks */ = {
			isa = PBXFrameworksBuildPhase;
			buildActionMask = 2147483647;
			files = (
				FBF920B61D9B153C009631D5 /* GSMessages.framework in Frameworks */,
				FBEA6F811D9C0A5F00C653EA /* CryptoSwift.framework in Frameworks */,
				FB84274A1DA448E9009D4B5B /* TagListView.framework in Frameworks */,
				FB36E08F1D9A0B93002EC392 /* Alamofire.framework in Frameworks */,
				FB36E0901D9A0B93002EC392 /* SwiftyJSON.framework in Frameworks */,
				FB8427491DA448E9009D4B5B /* Eureka.framework in Frameworks */,
			);
			runOnlyForDeploymentPostprocessing = 0;
		};
		FB36E06C1D9A0934002EC392 /* Frameworks */ = {
			isa = PBXFrameworksBuildPhase;
			buildActionMask = 2147483647;
			files = (
			);
			runOnlyForDeploymentPostprocessing = 0;
		};
		FB36E0771D9A0934002EC392 /* Frameworks */ = {
			isa = PBXFrameworksBuildPhase;
			buildActionMask = 2147483647;
			files = (
			);
			runOnlyForDeploymentPostprocessing = 0;
		};
/* End PBXFrameworksBuildPhase section */

/* Begin PBXGroup section */
		292E2E8C1DA1B00A005ECFFC /* Cell */ = {
			isa = PBXGroup;
			children = (
				296F03651DA1C1CB00C4893B /* SearchTableViewCell.swift */,
			);
			name = Cell;
			sourceTree = "<group>";
		};
		FB1EF31C1DA5487E00361EC1 /* Views */ = {
			isa = PBXGroup;
			children = (
				FBFF53BD1DA552AA008E0407 /* StickySlider */,
			);
			name = Views;
			sourceTree = "<unknown>";
		};
		FB36E04F1D9A0934002EC392 = {
			isa = PBXGroup;
			children = (
				FB36E05A1D9A0934002EC392 /* ProfessorRatingsiOS */,
				FB36E0721D9A0934002EC392 /* ProfessorRatingsiOSTests */,
				FB36E07D1D9A0935002EC392 /* ProfessorRatingsiOSUITests */,
				FB36E0591D9A0934002EC392 /* Products */,
				FB36E08C1D9A0B93002EC392 /* Frameworks */,
			);
			sourceTree = "<group>";
		};
		FB36E0591D9A0934002EC392 /* Products */ = {
			isa = PBXGroup;
			children = (
				FB36E0581D9A0934002EC392 /* ProfessorRatingsiOS.app */,
				FB36E06F1D9A0934002EC392 /* ProfessorRatingsiOSTests.xctest */,
				FB36E07A1D9A0934002EC392 /* ProfessorRatingsiOSUITests.xctest */,
			);
			name = Products;
			sourceTree = "<group>";
		};
		FB36E05A1D9A0934002EC392 /* ProfessorRatingsiOS */ = {
			isa = PBXGroup;
			children = (
				FB1EF31C1DA5487E00361EC1 /* Views */,
				292E2E8C1DA1B00A005ECFFC /* Cell */,
				FBC526541D9A1EDB00ED39D2 /* Models */,
				FBC526531D9A1ED400ED39D2 /* Helpers */,
				FB9A51F31D9A1C7C0094BA53 /* Controllers */,
				FB36E05B1D9A0934002EC392 /* AppDelegate.swift */,
				FB36E0651D9A0934002EC392 /* Assets.xcassets */,
				FB36E0671D9A0934002EC392 /* LaunchScreen.storyboard */,
				FB36E06A1D9A0934002EC392 /* Info.plist */,
				FB36E0A61D9A15CC002EC392 /* Main.storyboard */,
				FBFF53C11DA593B5008E0407 /* submitReview.storyboard */,
				FB36E0621D9A0934002EC392 /* ProfessorRatingsiOS.xcdatamodeld */,
			);
			path = ProfessorRatingsiOS;
			sourceTree = "<group>";
		};
		FB36E0721D9A0934002EC392 /* ProfessorRatingsiOSTests */ = {
			isa = PBXGroup;
			children = (
				FB36E0731D9A0934002EC392 /* ProfessorRatingsiOSTests.swift */,
				FB36E0751D9A0934002EC392 /* Info.plist */,
			);
			path = ProfessorRatingsiOSTests;
			sourceTree = "<group>";
		};
		FB36E07D1D9A0935002EC392 /* ProfessorRatingsiOSUITests */ = {
			isa = PBXGroup;
			children = (
				FB36E07E1D9A0935002EC392 /* ProfessorRatingsiOSUITests.swift */,
				FB36E0801D9A0935002EC392 /* Info.plist */,
			);
			path = ProfessorRatingsiOSUITests;
			sourceTree = "<group>";
		};
		FB36E08C1D9A0B93002EC392 /* Frameworks */ = {
			isa = PBXGroup;
			children = (
				FB8427471DA448E9009D4B5B /* Eureka.framework */,
				FB8427481DA448E9009D4B5B /* TagListView.framework */,
				FBEA6F801D9C0A5F00C653EA /* CryptoSwift.framework */,
				FBF920B51D9B153C009631D5 /* GSMessages.framework */,
				FB36E08D1D9A0B93002EC392 /* Alamofire.framework */,
				FB36E08E1D9A0B93002EC392 /* SwiftyJSON.framework */,
			);
			name = Frameworks;
			sourceTree = "<group>";
		};
		FB9A51F31D9A1C7C0094BA53 /* Controllers */ = {
			isa = PBXGroup;
			children = (
				FB9A51F41D9A1C880094BA53 /* SignUpViewController.swift */,
				FB9A51F51D9A1C880094BA53 /* ViewController.swift */,
				FB0A6F3B1DA434F000E4F403 /* SubmitReviewViewController.swift */,
				292E2E881DA1ADE7005ECFFC /* SearchTableViewController.swift */,
			);
			name = Controllers;
			sourceTree = "<group>";
		};
		FBC526531D9A1ED400ED39D2 /* Helpers */ = {
			isa = PBXGroup;
			children = (
				FBC526551D9A1EF500ED39D2 /* Constants.swift */,
				FBF8A3771D9EFBA100680370 /* Utils.swift */,
			);
			name = Helpers;
			sourceTree = "<group>";
		};
		FBC526541D9A1EDB00ED39D2 /* Models */ = {
			isa = PBXGroup;
			children = (
				FBC526571D9A1F0000ED39D2 /* User.swift */,
				FB84274D1DA44D0F009D4B5B /* Professor.swift */,
				292E2E8D1DA1B031005ECFFC /* Course.swift */,
			);
			name = Models;
			sourceTree = "<group>";
		};
		FBFF53BD1DA552AA008E0407 /* StickySlider */ = {
			isa = PBXGroup;
			children = (
				FB0AB7D71DB567120054C262 /* StickySliderViewCell.swift */,
				FB0AB7D81DB567120054C262 /* StickySliderViewCell.xib */,
			);
			name = StickySlider;
			sourceTree = "<group>";
		};
/* End PBXGroup section */

/* Begin PBXNativeTarget section */
		FB36E0571D9A0934002EC392 /* ProfessorRatingsiOS */ = {
			isa = PBXNativeTarget;
			buildConfigurationList = FB36E0831D9A0935002EC392 /* Build configuration list for PBXNativeTarget "ProfessorRatingsiOS" */;
			buildPhases = (
				FB36E0541D9A0934002EC392 /* Sources */,
				FB36E0551D9A0934002EC392 /* Frameworks */,
				FB36E0561D9A0934002EC392 /* Resources */,
				FB36E0921D9A0C1B002EC392 /* ShellScript */,
			);
			buildRules = (
			);
			dependencies = (
			);
			name = ProfessorRatingsiOS;
			productName = ProfessorRatingsiOS;
			productReference = FB36E0581D9A0934002EC392 /* ProfessorRatingsiOS.app */;
			productType = "com.apple.product-type.application";
		};
		FB36E06E1D9A0934002EC392 /* ProfessorRatingsiOSTests */ = {
			isa = PBXNativeTarget;
			buildConfigurationList = FB36E0861D9A0935002EC392 /* Build configuration list for PBXNativeTarget "ProfessorRatingsiOSTests" */;
			buildPhases = (
				FB36E06B1D9A0934002EC392 /* Sources */,
				FB36E06C1D9A0934002EC392 /* Frameworks */,
				FB36E06D1D9A0934002EC392 /* Resources */,
			);
			buildRules = (
			);
			dependencies = (
				FB36E0711D9A0934002EC392 /* PBXTargetDependency */,
			);
			name = ProfessorRatingsiOSTests;
			productName = ProfessorRatingsiOSTests;
			productReference = FB36E06F1D9A0934002EC392 /* ProfessorRatingsiOSTests.xctest */;
			productType = "com.apple.product-type.bundle.unit-test";
		};
		FB36E0791D9A0934002EC392 /* ProfessorRatingsiOSUITests */ = {
			isa = PBXNativeTarget;
			buildConfigurationList = FB36E0891D9A0935002EC392 /* Build configuration list for PBXNativeTarget "ProfessorRatingsiOSUITests" */;
			buildPhases = (
				FB36E0761D9A0934002EC392 /* Sources */,
				FB36E0771D9A0934002EC392 /* Frameworks */,
				FB36E0781D9A0934002EC392 /* Resources */,
			);
			buildRules = (
			);
			dependencies = (
				FB36E07C1D9A0934002EC392 /* PBXTargetDependency */,
			);
			name = ProfessorRatingsiOSUITests;
			productName = ProfessorRatingsiOSUITests;
			productReference = FB36E07A1D9A0934002EC392 /* ProfessorRatingsiOSUITests.xctest */;
			productType = "com.apple.product-type.bundle.ui-testing";
		};
/* End PBXNativeTarget section */

/* Begin PBXProject section */
		FB36E0501D9A0934002EC392 /* Project object */ = {
			isa = PBXProject;
			attributes = {
				LastSwiftUpdateCheck = 0800;
				LastUpgradeCheck = 0800;
				ORGANIZATIONNAME = "Hongfei Li";
				TargetAttributes = {
					FB36E0571D9A0934002EC392 = {
						CreatedOnToolsVersion = 8.0;
						DevelopmentTeam = 58N7NVEJJS;
						ProvisioningStyle = Automatic;
					};
					FB36E06E1D9A0934002EC392 = {
						CreatedOnToolsVersion = 8.0;
						ProvisioningStyle = Automatic;
						TestTargetID = FB36E0571D9A0934002EC392;
					};
					FB36E0791D9A0934002EC392 = {
						CreatedOnToolsVersion = 8.0;
						ProvisioningStyle = Automatic;
						TestTargetID = FB36E0571D9A0934002EC392;
					};
				};
			};
			buildConfigurationList = FB36E0531D9A0934002EC392 /* Build configuration list for PBXProject "ProfessorRatingsiOS" */;
			compatibilityVersion = "Xcode 3.2";
			developmentRegion = English;
			hasScannedForEncodings = 0;
			knownRegions = (
				en,
				Base,
			);
			mainGroup = FB36E04F1D9A0934002EC392;
			productRefGroup = FB36E0591D9A0934002EC392 /* Products */;
			projectDirPath = "";
			projectRoot = "";
			targets = (
				FB36E0571D9A0934002EC392 /* ProfessorRatingsiOS */,
				FB36E06E1D9A0934002EC392 /* ProfessorRatingsiOSTests */,
				FB36E0791D9A0934002EC392 /* ProfessorRatingsiOSUITests */,
			);
		};
/* End PBXProject section */

/* Begin PBXResourcesBuildPhase section */
		FB36E0561D9A0934002EC392 /* Resources */ = {
			isa = PBXResourcesBuildPhase;
			buildActionMask = 2147483647;
			files = (
				FB36E0691D9A0934002EC392 /* LaunchScreen.storyboard in Resources */,
				FB36E0A71D9A15CC002EC392 /* Main.storyboard in Resources */,
				FBFF53C21DA593B5008E0407 /* submitReview.storyboard in Resources */,
				FB0AB7DA1DB567120054C262 /* StickySliderViewCell.xib in Resources */,
				FB36E0661D9A0934002EC392 /* Assets.xcassets in Resources */,
			);
			runOnlyForDeploymentPostprocessing = 0;
		};
		FB36E06D1D9A0934002EC392 /* Resources */ = {
			isa = PBXResourcesBuildPhase;
			buildActionMask = 2147483647;
			files = (
			);
			runOnlyForDeploymentPostprocessing = 0;
		};
		FB36E0781D9A0934002EC392 /* Resources */ = {
			isa = PBXResourcesBuildPhase;
			buildActionMask = 2147483647;
			files = (
			);
			runOnlyForDeploymentPostprocessing = 0;
		};
/* End PBXResourcesBuildPhase section */

/* Begin PBXShellScriptBuildPhase section */
		FB36E0921D9A0C1B002EC392 /* ShellScript */ = {
			isa = PBXShellScriptBuildPhase;
			buildActionMask = 2147483647;
			files = (
			);
			inputPaths = (
				"$(SRCROOT)/Carthage/Build/iOS/Alamofire.framework",
				"$(SRCROOT)/Carthage/Build/iOS/SwiftyJSON.framework",
				"$(SRCROOT)/Carthage/Build/iOS/GSMessages.framework",
				"$(SRCROOT)/Carthage/Build/iOS/CryptoSwift.framework",
				"$(SRCROOT)/Carthage/Build/iOS/Eureka.framework",
				"$(SRCROOT)/Carthage/Build/iOS/TagListView.framework",
			);
			outputPaths = (
			);
			runOnlyForDeploymentPostprocessing = 0;
			shellPath = /bin/sh;
			shellScript = "/usr/local/bin/carthage copy-frameworks\n";
		};
/* End PBXShellScriptBuildPhase section */

/* Begin PBXSourcesBuildPhase section */
		FB36E0541D9A0934002EC392 /* Sources */ = {
			isa = PBXSourcesBuildPhase;
			buildActionMask = 2147483647;
			files = (
				FB0A6F3C1DA434F000E4F403 /* SubmitReviewViewController.swift in Sources */,
				292E2E8E1DA1B031005ECFFC /* Course.swift in Sources */,
				FBC526561D9A1EF500ED39D2 /* Constants.swift in Sources */,
				FB9A51F61D9A1C880094BA53 /* SignUpViewController.swift in Sources */,
				FB0AB7D91DB567120054C262 /* StickySliderViewCell.swift in Sources */,
				FBC526581D9A1F0000ED39D2 /* User.swift in Sources */,
				FBF8A3781D9EFBA100680370 /* Utils.swift in Sources */,
				FB36E0641D9A0934002EC392 /* ProfessorRatingsiOS.xcdatamodeld in Sources */,
				FB84274E1DA44D0F009D4B5B /* Professor.swift in Sources */,
				FB9A51F71D9A1C880094BA53 /* ViewController.swift in Sources */,
				FB36E05C1D9A0934002EC392 /* AppDelegate.swift in Sources */,
				292E2E891DA1ADE7005ECFFC /* SearchTableViewController.swift in Sources */,
				296F03661DA1C1CB00C4893B /* SearchTableViewCell.swift in Sources */,
			);
			runOnlyForDeploymentPostprocessing = 0;
		};
		FB36E06B1D9A0934002EC392 /* Sources */ = {
			isa = PBXSourcesBuildPhase;
			buildActionMask = 2147483647;
			files = (
				FB36E0741D9A0934002EC392 /* ProfessorRatingsiOSTests.swift in Sources */,
			);
			runOnlyForDeploymentPostprocessing = 0;
		};
		FB36E0761D9A0934002EC392 /* Sources */ = {
			isa = PBXSourcesBuildPhase;
			buildActionMask = 2147483647;
			files = (
				FB36E07F1D9A0935002EC392 /* ProfessorRatingsiOSUITests.swift in Sources */,
			);
			runOnlyForDeploymentPostprocessing = 0;
		};
/* End PBXSourcesBuildPhase section */

/* Begin PBXTargetDependency section */
		FB36E0711D9A0934002EC392 /* PBXTargetDependency */ = {
			isa = PBXTargetDependency;
			target = FB36E0571D9A0934002EC392 /* ProfessorRatingsiOS */;
			targetProxy = FB36E0701D9A0934002EC392 /* PBXContainerItemProxy */;
		};
		FB36E07C1D9A0934002EC392 /* PBXTargetDependency */ = {
			isa = PBXTargetDependency;
			target = FB36E0571D9A0934002EC392 /* ProfessorRatingsiOS */;
			targetProxy = FB36E07B1D9A0934002EC392 /* PBXContainerItemProxy */;
		};
/* End PBXTargetDependency section */

/* Begin PBXVariantGroup section */
		FB36E0671D9A0934002EC392 /* LaunchScreen.storyboard */ = {
			isa = PBXVariantGroup;
			children = (
				FB36E0681D9A0934002EC392 /* Base */,
			);
			name = LaunchScreen.storyboard;
			sourceTree = "<group>";
		};
/* End PBXVariantGroup section */

/* Begin XCBuildConfiguration section */
		FB36E0811D9A0935002EC392 /* Debug */ = {
			isa = XCBuildConfiguration;
			buildSettings = {
				ALWAYS_SEARCH_USER_PATHS = NO;
				CLANG_ANALYZER_NONNULL = YES;
				CLANG_CXX_LANGUAGE_STANDARD = "gnu++0x";
				CLANG_CXX_LIBRARY = "libc++";
				CLANG_ENABLE_MODULES = YES;
				CLANG_ENABLE_OBJC_ARC = YES;
				CLANG_WARN_BOOL_CONVERSION = YES;
				CLANG_WARN_CONSTANT_CONVERSION = YES;
				CLANG_WARN_DIRECT_OBJC_ISA_USAGE = YES_ERROR;
				CLANG_WARN_DOCUMENTATION_COMMENTS = YES;
				CLANG_WARN_EMPTY_BODY = YES;
				CLANG_WARN_ENUM_CONVERSION = YES;
				CLANG_WARN_INFINITE_RECURSION = YES;
				CLANG_WARN_INT_CONVERSION = YES;
				CLANG_WARN_OBJC_ROOT_CLASS = YES_ERROR;
				CLANG_WARN_SUSPICIOUS_MOVES = YES;
				CLANG_WARN_UNREACHABLE_CODE = YES;
				CLANG_WARN__DUPLICATE_METHOD_MATCH = YES;
				"CODE_SIGN_IDENTITY[sdk=iphoneos*]" = "iPhone Developer";
				COPY_PHASE_STRIP = NO;
				DEBUG_INFORMATION_FORMAT = dwarf;
				ENABLE_STRICT_OBJC_MSGSEND = YES;
				ENABLE_TESTABILITY = YES;
				GCC_C_LANGUAGE_STANDARD = gnu99;
				GCC_DYNAMIC_NO_PIC = NO;
				GCC_NO_COMMON_BLOCKS = YES;
				GCC_OPTIMIZATION_LEVEL = 0;
				GCC_PREPROCESSOR_DEFINITIONS = (
					"DEBUG=1",
					"$(inherited)",
				);
				GCC_WARN_64_TO_32_BIT_CONVERSION = YES;
				GCC_WARN_ABOUT_RETURN_TYPE = YES_ERROR;
				GCC_WARN_UNDECLARED_SELECTOR = YES;
				GCC_WARN_UNINITIALIZED_AUTOS = YES_AGGRESSIVE;
				GCC_WARN_UNUSED_FUNCTION = YES;
				GCC_WARN_UNUSED_VARIABLE = YES;
				IPHONEOS_DEPLOYMENT_TARGET = 10.0;
				MTL_ENABLE_DEBUG_INFO = YES;
				ONLY_ACTIVE_ARCH = YES;
				SDKROOT = iphoneos;
				SWIFT_ACTIVE_COMPILATION_CONDITIONS = DEBUG;
				SWIFT_OPTIMIZATION_LEVEL = "-Onone";
			};
			name = Debug;
		};
		FB36E0821D9A0935002EC392 /* Release */ = {
			isa = XCBuildConfiguration;
			buildSettings = {
				ALWAYS_SEARCH_USER_PATHS = NO;
				CLANG_ANALYZER_NONNULL = YES;
				CLANG_CXX_LANGUAGE_STANDARD = "gnu++0x";
				CLANG_CXX_LIBRARY = "libc++";
				CLANG_ENABLE_MODULES = YES;
				CLANG_ENABLE_OBJC_ARC = YES;
				CLANG_WARN_BOOL_CONVERSION = YES;
				CLANG_WARN_CONSTANT_CONVERSION = YES;
				CLANG_WARN_DIRECT_OBJC_ISA_USAGE = YES_ERROR;
				CLANG_WARN_DOCUMENTATION_COMMENTS = YES;
				CLANG_WARN_EMPTY_BODY = YES;
				CLANG_WARN_ENUM_CONVERSION = YES;
				CLANG_WARN_INFINITE_RECURSION = YES;
				CLANG_WARN_INT_CONVERSION = YES;
				CLANG_WARN_OBJC_ROOT_CLASS = YES_ERROR;
				CLANG_WARN_SUSPICIOUS_MOVES = YES;
				CLANG_WARN_UNREACHABLE_CODE = YES;
				CLANG_WARN__DUPLICATE_METHOD_MATCH = YES;
				"CODE_SIGN_IDENTITY[sdk=iphoneos*]" = "iPhone Developer";
				COPY_PHASE_STRIP = NO;
				DEBUG_INFORMATION_FORMAT = "dwarf-with-dsym";
				ENABLE_NS_ASSERTIONS = NO;
				ENABLE_STRICT_OBJC_MSGSEND = YES;
				GCC_C_LANGUAGE_STANDARD = gnu99;
				GCC_NO_COMMON_BLOCKS = YES;
				GCC_WARN_64_TO_32_BIT_CONVERSION = YES;
				GCC_WARN_ABOUT_RETURN_TYPE = YES_ERROR;
				GCC_WARN_UNDECLARED_SELECTOR = YES;
				GCC_WARN_UNINITIALIZED_AUTOS = YES_AGGRESSIVE;
				GCC_WARN_UNUSED_FUNCTION = YES;
				GCC_WARN_UNUSED_VARIABLE = YES;
				IPHONEOS_DEPLOYMENT_TARGET = 10.0;
				MTL_ENABLE_DEBUG_INFO = NO;
				SDKROOT = iphoneos;
				SWIFT_OPTIMIZATION_LEVEL = "-Owholemodule";
				VALIDATE_PRODUCT = YES;
			};
			name = Release;
		};
		FB36E0841D9A0935002EC392 /* Debug */ = {
			isa = XCBuildConfiguration;
			buildSettings = {
				ASSETCATALOG_COMPILER_APPICON_NAME = AppIcon;
				DEVELOPMENT_TEAM = 58N7NVEJJS;
				FRAMEWORK_SEARCH_PATHS = (
					"$(inherited)",
					"$(PROJECT_DIR)/Carthage/Build/iOS",
				);
				INFOPLIST_FILE = ProfessorRatingsiOS/Info.plist;
				LD_RUNPATH_SEARCH_PATHS = "$(inherited) @executable_path/Frameworks";
				PRODUCT_BUNDLE_IDENTIFIER = ProfessorRatingsiOS;
				PRODUCT_NAME = "$(TARGET_NAME)";
				SWIFT_VERSION = 3.0;
			};
			name = Debug;
		};
		FB36E0851D9A0935002EC392 /* Release */ = {
			isa = XCBuildConfiguration;
			buildSettings = {
				ASSETCATALOG_COMPILER_APPICON_NAME = AppIcon;
				DEVELOPMENT_TEAM = 58N7NVEJJS;
				FRAMEWORK_SEARCH_PATHS = (
					"$(inherited)",
					"$(PROJECT_DIR)/Carthage/Build/iOS",
				);
				INFOPLIST_FILE = ProfessorRatingsiOS/Info.plist;
				LD_RUNPATH_SEARCH_PATHS = "$(inherited) @executable_path/Frameworks";
				PRODUCT_BUNDLE_IDENTIFIER = ProfessorRatingsiOS;
				PRODUCT_NAME = "$(TARGET_NAME)";
				SWIFT_VERSION = 3.0;
			};
			name = Release;
		};
		FB36E0871D9A0935002EC392 /* Debug */ = {
			isa = XCBuildConfiguration;
			buildSettings = {
				ALWAYS_EMBED_SWIFT_STANDARD_LIBRARIES = YES;
				BUNDLE_LOADER = "$(TEST_HOST)";
				INFOPLIST_FILE = ProfessorRatingsiOSTests/Info.plist;
				LD_RUNPATH_SEARCH_PATHS = "$(inherited) @executable_path/Frameworks @loader_path/Frameworks";
				PRODUCT_BUNDLE_IDENTIFIER = hongfeili.ProfessorRatingsiOSTests;
				PRODUCT_NAME = "$(TARGET_NAME)";
				SWIFT_VERSION = 3.0;
				TEST_HOST = "$(BUILT_PRODUCTS_DIR)/ProfessorRatingsiOS.app/ProfessorRatingsiOS";
			};
			name = Debug;
		};
		FB36E0881D9A0935002EC392 /* Release */ = {
			isa = XCBuildConfiguration;
			buildSettings = {
				ALWAYS_EMBED_SWIFT_STANDARD_LIBRARIES = YES;
				BUNDLE_LOADER = "$(TEST_HOST)";
				INFOPLIST_FILE = ProfessorRatingsiOSTests/Info.plist;
				LD_RUNPATH_SEARCH_PATHS = "$(inherited) @executable_path/Frameworks @loader_path/Frameworks";
				PRODUCT_BUNDLE_IDENTIFIER = hongfeili.ProfessorRatingsiOSTests;
				PRODUCT_NAME = "$(TARGET_NAME)";
				SWIFT_VERSION = 3.0;
				TEST_HOST = "$(BUILT_PRODUCTS_DIR)/ProfessorRatingsiOS.app/ProfessorRatingsiOS";
			};
			name = Release;
		};
		FB36E08A1D9A0935002EC392 /* Debug */ = {
			isa = XCBuildConfiguration;
			buildSettings = {
				ALWAYS_EMBED_SWIFT_STANDARD_LIBRARIES = YES;
				INFOPLIST_FILE = ProfessorRatingsiOSUITests/Info.plist;
				LD_RUNPATH_SEARCH_PATHS = "$(inherited) @executable_path/Frameworks @loader_path/Frameworks";
				PRODUCT_BUNDLE_IDENTIFIER = hongfeili.ProfessorRatingsiOSUITests;
				PRODUCT_NAME = "$(TARGET_NAME)";
				SWIFT_VERSION = 3.0;
				TEST_TARGET_NAME = ProfessorRatingsiOS;
			};
			name = Debug;
		};
		FB36E08B1D9A0935002EC392 /* Release */ = {
			isa = XCBuildConfiguration;
			buildSettings = {
				ALWAYS_EMBED_SWIFT_STANDARD_LIBRARIES = YES;
				INFOPLIST_FILE = ProfessorRatingsiOSUITests/Info.plist;
				LD_RUNPATH_SEARCH_PATHS = "$(inherited) @executable_path/Frameworks @loader_path/Frameworks";
				PRODUCT_BUNDLE_IDENTIFIER = hongfeili.ProfessorRatingsiOSUITests;
				PRODUCT_NAME = "$(TARGET_NAME)";
				SWIFT_VERSION = 3.0;
				TEST_TARGET_NAME = ProfessorRatingsiOS;
			};
			name = Release;
		};
/* End XCBuildConfiguration section */

/* Begin XCConfigurationList section */
		FB36E0531D9A0934002EC392 /* Build configuration list for PBXProject "ProfessorRatingsiOS" */ = {
			isa = XCConfigurationList;
			buildConfigurations = (
				FB36E0811D9A0935002EC392 /* Debug */,
				FB36E0821D9A0935002EC392 /* Release */,
			);
			defaultConfigurationIsVisible = 0;
			defaultConfigurationName = Release;
		};
		FB36E0831D9A0935002EC392 /* Build configuration list for PBXNativeTarget "ProfessorRatingsiOS" */ = {
			isa = XCConfigurationList;
			buildConfigurations = (
				FB36E0841D9A0935002EC392 /* Debug */,
				FB36E0851D9A0935002EC392 /* Release */,
			);
			defaultConfigurationIsVisible = 0;
			defaultConfigurationName = Release;
		};
		FB36E0861D9A0935002EC392 /* Build configuration list for PBXNativeTarget "ProfessorRatingsiOSTests" */ = {
			isa = XCConfigurationList;
			buildConfigurations = (
				FB36E0871D9A0935002EC392 /* Debug */,
				FB36E0881D9A0935002EC392 /* Release */,
			);
			defaultConfigurationIsVisible = 0;
			defaultConfigurationName = Release;
		};
		FB36E0891D9A0935002EC392 /* Build configuration list for PBXNativeTarget "ProfessorRatingsiOSUITests" */ = {
			isa = XCConfigurationList;
			buildConfigurations = (
				FB36E08A1D9A0935002EC392 /* Debug */,
				FB36E08B1D9A0935002EC392 /* Release */,
			);
			defaultConfigurationIsVisible = 0;
			defaultConfigurationName = Release;
		};
/* End XCConfigurationList section */

/* Begin XCVersionGroup section */
		FB36E0621D9A0934002EC392 /* ProfessorRatingsiOS.xcdatamodeld */ = {
			isa = XCVersionGroup;
			children = (
				FB36E0631D9A0934002EC392 /* ProfessorRatingsiOS.xcdatamodel */,
			);
			currentVersion = FB36E0631D9A0934002EC392 /* ProfessorRatingsiOS.xcdatamodel */;
			path = ProfessorRatingsiOS.xcdatamodeld;
			sourceTree = "<group>";
			versionGroupType = wrapper.xcdatamodel;
		};
/* End XCVersionGroup section */
	};
	rootObject = FB36E0501D9A0934002EC392 /* Project object */;
}
